
Microsoft Visual Studio Solution File, Format Version 12.00
# Visual Studio 15
VisualStudioVersion = 15.0.28307.852
MinimumVisualStudioVersion = 10.0.40219.1
Project("{9A19103F-16F7-4668-BE54-9A1E7A4F7556}") = "ContosoUniversity", "cu-final\ContosoUniversity.csproj", "{3DA6EE85-A490-4E6D-973F-3BB9C0E0A78E}"
EndProject
Project("{9A19103F-16F7-4668-BE54-9A1E7A4F7556}") = "FreeRock", "FreeRock\FreeRock.csproj", "{B6BD27D4-33E2-464B-B69B-45629511AA72}"
EndProject
Project("{9A19103F-16F7-4668-BE54-9A1E7A4F7556}") = "Kurtosis", "Kurtosis\Kurtosis\Kurtosis.csproj", "{488FF587-2384-4DF8-904D-4F4A9140AB03}"
EndProject
Global
	GlobalSection(SolutionConfigurationPlatforms) = preSolution
		Debug|Any CPU = Debug|Any CPU
		Release|Any CPU = Release|Any CPU
	EndGlobalSection
	GlobalSection(ProjectConfigurationPlatforms) = postSolution
		{3DA6EE85-A490-4E6D-973F-3BB9C0E0A78E}.Debug|Any CPU.ActiveCfg = Debug|Any CPU
		{3DA6EE85-A490-4E6D-973F-3BB9C0E0A78E}.Debug|Any CPU.Build.0 = Debug|Any CPU
		{3DA6EE85-A490-4E6D-973F-3BB9C0E0A78E}.Release|Any CPU.ActiveCfg = Release|Any CPU
		{3DA6EE85-A490-4E6D-973F-3BB9C0E0A78E}.Release|Any CPU.Build.0 = Release|Any CPU
		{B6BD27D4-33E2-464B-B69B-45629511AA72}.Debug|Any CPU.ActiveCfg = Debug|Any CPU
		{B6BD27D4-33E2-464B-B69B-45629511AA72}.Debug|Any CPU.Build.0 = Debug|Any CPU
		{B6BD27D4-33E2-464B-B69B-45629511AA72}.Release|Any CPU.ActiveCfg = Release|Any CPU
		{B6BD27D4-33E2-464B-B69B-45629511AA72}.Release|Any CPU.Build.0 = Release|Any CPU
		{488FF587-2384-4DF8-904D-4F4A9140AB03}.Debug|Any CPU.ActiveCfg = Debug|Any CPU
		{488FF587-2384-4DF8-904D-4F4A9140AB03}.Debug|Any CPU.Build.0 = Debug|Any CPU
		{488FF587-2384-4DF8-904D-4F4A9140AB03}.Release|Any CPU.ActiveCfg = Release|Any CPU
		{488FF587-2384-4DF8-904D-4F4A9140AB03}.Release|Any CPU.Build.0 = Release|Any CPU
	EndGlobalSection
	GlobalSection(SolutionProperties) = preSolution
		HideSolutionNode = FALSE
	EndGlobalSection
	GlobalSection(ExtensibilityGlobals) = postSolution
		SolutionGuid = {A76094E4-064A-497F-9679-FE3D71F90FE0}
	EndGlobalSection
EndGlobal
